
Microsoft Visual Studio Solution File, Format Version 12.00
# Visual Studio Version 17
VisualStudioVersion = 17.11.35327.3
MinimumVisualStudioVersion = 10.0.40219.1
Project("{FAE04EC0-301F-11D3-BF4B-00C04F79EFBC}") = "TuCafe", "TuCafe.csproj", "{8185E3C6-94AC-418F-82E5-DF29A0CD9E23}"
EndProject
Global
	GlobalSection(SolutionConfigurationPlatforms) = preSolution
		Debug|Any CPU = Debug|Any CPU
		Release|Any CPU = Release|Any CPU
	EndGlobalSection
	GlobalSection(ProjectConfigurationPlatforms) = postSolution
		{8185E3C6-94AC-418F-82E5-DF29A0CD9E23}.Debug|Any CPU.ActiveCfg = Debug|Any CPU
		{8185E3C6-94AC-418F-82E5-DF29A0CD9E23}.Debug|Any CPU.Build.0 = Debug|Any CPU
		{8185E3C6-94AC-418F-82E5-DF29A0CD9E23}.Release|Any CPU.ActiveCfg = Release|Any CPU
		{8185E3C6-94AC-418F-82E5-DF29A0CD9E23}.Release|Any CPU.Build.0 = Release|Any CPU
	EndGlobalSection
	GlobalSection(SolutionProperties) = preSolution
		HideSolutionNode = FALSE
	EndGlobalSection
	GlobalSection(ExtensibilityGlobals) = postSolution
		SolutionGuid = {78DE461E-721A-43AF-9F55-3B47BE0FF316}
	EndGlobalSection
EndGlobal
